
Microsoft Visual Studio Solution File, Format Version 12.00
# Visual Studio Version 17
VisualStudioVersion = 17.9.34723.18
MinimumVisualStudioVersion = 10.0.40219.1
Project("{2150E333-8FDC-42A3-9474-1A3956D46DE8}") = "Source", "Source", "{2E141F09-E080-4FB6-8F74-EC3711DA4072}"
EndProject
Project("{2150E333-8FDC-42A3-9474-1A3956D46DE8}") = "Platforms", "Platforms", "{C3DB2669-CE18-4E47-9BE1-FE77834D7D55}"
EndProject
Project("{2150E333-8FDC-42A3-9474-1A3956D46DE8}") = "Tests", "Tests", "{D0CAD8CA-490D-439B-B8F3-69E7A7369927}"
EndProject
Project("{9A19103F-16F7-4668-BE54-9A1E7A4F7556}") = "BlueT", "BlueT\BlueT.csproj", "{292B8D52-AFD9-46DF-B873-0931EE647A46}"
EndProject
Project("{9A19103F-16F7-4668-BE54-9A1E7A4F7556}") = "BlueT.UITests", "BlueT.UITests\BlueT.UITests.csproj", "{C8ED3A7E-0CAC-4000-B27D-E28778C00638}"
EndProject
Project("{9A19103F-16F7-4668-BE54-9A1E7A4F7556}") = "BlueT.Tests", "BlueT.Tests\BlueT.Tests.csproj", "{C5A65A69-AD0B-4992-84EE-FC56C110B142}"
EndProject
Project("{9A19103F-16F7-4668-BE54-9A1E7A4F7556}") = "BlueT.Windows", "BlueT.Windows\BlueT.Windows.csproj", "{1BE5F480-FE28-48EC-A7A5-CA86D5854E6C}"
EndProject
Project("{9A19103F-16F7-4668-BE54-9A1E7A4F7556}") = "BlueT.Mobile", "BlueT.Mobile\BlueT.Mobile.csproj", "{5580CBA3-38C4-46DD-8070-7FE301FCE7C5}"
EndProject
Project("{9A19103F-16F7-4668-BE54-9A1E7A4F7556}") = "BlueT.Shared", "BlueT.Shared\BlueT.Shared.csproj", "{E4F98047-ACFB-4810-8314-E29951B2631D}"
EndProject
Project("{2150E333-8FDC-42A3-9474-1A3956D46DE8}") = "Solution Items", "Solution Items", "{CB1485A0-9CC0-471E-9E87-482A6163B471}"
	ProjectSection(SolutionItems) = preProject
		.gitignore = .gitignore
		Directory.Build.props = Directory.Build.props
		Directory.Build.targets = Directory.Build.targets
		Directory.Packages.props = Directory.Packages.props
		solution-config.props.sample = solution-config.props.sample
	EndProjectSection
EndProject
Global
	GlobalSection(SolutionConfigurationPlatforms) = preSolution
		Debug|Any CPU = Debug|Any CPU
		Debug|arm64 = Debug|arm64
		Debug|x64 = Debug|x64
		Debug|x86 = Debug|x86
		Release|Any CPU = Release|Any CPU
		Release|arm64 = Release|arm64
		Release|x64 = Release|x64
		Release|x86 = Release|x86
	EndGlobalSection
	GlobalSection(ProjectConfigurationPlatforms) = postSolution
		{292B8D52-AFD9-46DF-B873-0931EE647A46}.Debug|Any CPU.ActiveCfg = Debug|Any CPU
		{292B8D52-AFD9-46DF-B873-0931EE647A46}.Debug|Any CPU.Build.0 = Debug|Any CPU
		{292B8D52-AFD9-46DF-B873-0931EE647A46}.Debug|arm64.ActiveCfg = Debug|Any CPU
		{292B8D52-AFD9-46DF-B873-0931EE647A46}.Debug|arm64.Build.0 = Debug|Any CPU
		{292B8D52-AFD9-46DF-B873-0931EE647A46}.Debug|x64.ActiveCfg = Debug|Any CPU
		{292B8D52-AFD9-46DF-B873-0931EE647A46}.Debug|x64.Build.0 = Debug|Any CPU
		{292B8D52-AFD9-46DF-B873-0931EE647A46}.Debug|x86.ActiveCfg = Debug|Any CPU
		{292B8D52-AFD9-46DF-B873-0931EE647A46}.Debug|x86.Build.0 = Debug|Any CPU
		{292B8D52-AFD9-46DF-B873-0931EE647A46}.Release|Any CPU.ActiveCfg = Release|Any CPU
		{292B8D52-AFD9-46DF-B873-0931EE647A46}.Release|Any CPU.Build.0 = Release|Any CPU
		{292B8D52-AFD9-46DF-B873-0931EE647A46}.Release|arm64.ActiveCfg = Release|Any CPU
		{292B8D52-AFD9-46DF-B873-0931EE647A46}.Release|arm64.Build.0 = Release|Any CPU
		{292B8D52-AFD9-46DF-B873-0931EE647A46}.Release|x64.ActiveCfg = Release|Any CPU
		{292B8D52-AFD9-46DF-B873-0931EE647A46}.Release|x64.Build.0 = Release|Any CPU
		{292B8D52-AFD9-46DF-B873-0931EE647A46}.Release|x86.ActiveCfg = Release|Any CPU
		{292B8D52-AFD9-46DF-B873-0931EE647A46}.Release|x86.Build.0 = Release|Any CPU
		{C8ED3A7E-0CAC-4000-B27D-E28778C00638}.Debug|Any CPU.ActiveCfg = Debug|Any CPU
		{C8ED3A7E-0CAC-4000-B27D-E28778C00638}.Debug|Any CPU.Build.0 = Debug|Any CPU
		{C8ED3A7E-0CAC-4000-B27D-E28778C00638}.Debug|arm64.ActiveCfg = Debug|Any CPU
		{C8ED3A7E-0CAC-4000-B27D-E28778C00638}.Debug|arm64.Build.0 = Debug|Any CPU
		{C8ED3A7E-0CAC-4000-B27D-E28778C00638}.Debug|x64.ActiveCfg = Debug|Any CPU
		{C8ED3A7E-0CAC-4000-B27D-E28778C00638}.Debug|x64.Build.0 = Debug|Any CPU
		{C8ED3A7E-0CAC-4000-B27D-E28778C00638}.Debug|x86.ActiveCfg = Debug|Any CPU
		{C8ED3A7E-0CAC-4000-B27D-E28778C00638}.Debug|x86.Build.0 = Debug|Any CPU
		{C8ED3A7E-0CAC-4000-B27D-E28778C00638}.Release|Any CPU.ActiveCfg = Release|Any CPU
		{C8ED3A7E-0CAC-4000-B27D-E28778C00638}.Release|Any CPU.Build.0 = Release|Any CPU
		{C8ED3A7E-0CAC-4000-B27D-E28778C00638}.Release|arm64.ActiveCfg = Release|Any CPU
		{C8ED3A7E-0CAC-4000-B27D-E28778C00638}.Release|arm64.Build.0 = Release|Any CPU
		{C8ED3A7E-0CAC-4000-B27D-E28778C00638}.Release|x64.ActiveCfg = Release|Any CPU
		{C8ED3A7E-0CAC-4000-B27D-E28778C00638}.Release|x86.ActiveCfg = Release|Any CPU
		{C8ED3A7E-0CAC-4000-B27D-E28778C00638}.Release|x86.Build.0 = Release|Any CPU
		{C5A65A69-AD0B-4992-84EE-FC56C110B142}.Debug|Any CPU.ActiveCfg = Debug|Any CPU
		{C5A65A69-AD0B-4992-84EE-FC56C110B142}.Debug|Any CPU.Build.0 = Debug|Any CPU
		{C5A65A69-AD0B-4992-84EE-FC56C110B142}.Debug|arm64.ActiveCfg = Debug|Any CPU
		{C5A65A69-AD0B-4992-84EE-FC56C110B142}.Debug|arm64.Build.0 = Debug|Any CPU
		{C5A65A69-AD0B-4992-84EE-FC56C110B142}.Debug|x64.ActiveCfg = Debug|Any CPU
		{C5A65A69-AD0B-4992-84EE-FC56C110B142}.Debug|x64.Build.0 = Debug|Any CPU
		{C5A65A69-AD0B-4992-84EE-FC56C110B142}.Debug|x86.ActiveCfg = Debug|Any CPU
		{C5A65A69-AD0B-4992-84EE-FC56C110B142}.Debug|x86.Build.0 = Debug|Any CPU
		{C5A65A69-AD0B-4992-84EE-FC56C110B142}.Release|Any CPU.ActiveCfg = Release|Any CPU
		{C5A65A69-AD0B-4992-84EE-FC56C110B142}.Release|Any CPU.Build.0 = Release|Any CPU
		{C5A65A69-AD0B-4992-84EE-FC56C110B142}.Release|arm64.ActiveCfg = Release|Any CPU
		{C5A65A69-AD0B-4992-84EE-FC56C110B142}.Release|arm64.Build.0 = Release|Any CPU
		{C5A65A69-AD0B-4992-84EE-FC56C110B142}.Release|x64.ActiveCfg = Release|Any CPU
		{C5A65A69-AD0B-4992-84EE-FC56C110B142}.Release|x86.ActiveCfg = Release|Any CPU
		{C5A65A69-AD0B-4992-84EE-FC56C110B142}.Release|x86.Build.0 = Release|Any CPU
		{1BE5F480-FE28-48EC-A7A5-CA86D5854E6C}.Debug|Any CPU.ActiveCfg = Debug|x64
		{1BE5F480-FE28-48EC-A7A5-CA86D5854E6C}.Debug|Any CPU.Build.0 = Debug|x64
		{1BE5F480-FE28-48EC-A7A5-CA86D5854E6C}.Debug|Any CPU.Deploy.0 = Debug|x64
		{1BE5F480-FE28-48EC-A7A5-CA86D5854E6C}.Debug|arm64.ActiveCfg = Debug|arm64
		{1BE5F480-FE28-48EC-A7A5-CA86D5854E6C}.Debug|arm64.Build.0 = Debug|arm64
		{1BE5F480-FE28-48EC-A7A5-CA86D5854E6C}.Debug|arm64.Deploy.0 = Debug|arm64
		{1BE5F480-FE28-48EC-A7A5-CA86D5854E6C}.Debug|x64.ActiveCfg = Debug|x64
		{1BE5F480-FE28-48EC-A7A5-CA86D5854E6C}.Debug|x64.Build.0 = Debug|x64
		{1BE5F480-FE28-48EC-A7A5-CA86D5854E6C}.Debug|x64.Deploy.0 = Debug|x64
		{1BE5F480-FE28-48EC-A7A5-CA86D5854E6C}.Debug|x86.ActiveCfg = Debug|x86
		{1BE5F480-FE28-48EC-A7A5-CA86D5854E6C}.Debug|x86.Build.0 = Debug|x86
		{1BE5F480-FE28-48EC-A7A5-CA86D5854E6C}.Debug|x86.Deploy.0 = Debug|x86
		{1BE5F480-FE28-48EC-A7A5-CA86D5854E6C}.Release|Any CPU.ActiveCfg = Release|x64
		{1BE5F480-FE28-48EC-A7A5-CA86D5854E6C}.Release|Any CPU.Build.0 = Release|x64
		{1BE5F480-FE28-48EC-A7A5-CA86D5854E6C}.Release|Any CPU.Deploy.0 = Release|x64
		{1BE5F480-FE28-48EC-A7A5-CA86D5854E6C}.Release|arm64.ActiveCfg = Release|arm64
		{1BE5F480-FE28-48EC-A7A5-CA86D5854E6C}.Release|arm64.Build.0 = Release|arm64
		{1BE5F480-FE28-48EC-A7A5-CA86D5854E6C}.Release|arm64.Deploy.0 = Release|arm64
		{1BE5F480-FE28-48EC-A7A5-CA86D5854E6C}.Release|x64.ActiveCfg = Release|x64
		{1BE5F480-FE28-48EC-A7A5-CA86D5854E6C}.Release|x64.Build.0 = Release|x64
		{1BE5F480-FE28-48EC-A7A5-CA86D5854E6C}.Release|x64.Deploy.0 = Release|x64
		{1BE5F480-FE28-48EC-A7A5-CA86D5854E6C}.Release|x86.ActiveCfg = Release|x86
		{1BE5F480-FE28-48EC-A7A5-CA86D5854E6C}.Release|x86.Build.0 = Release|x86
		{1BE5F480-FE28-48EC-A7A5-CA86D5854E6C}.Release|x86.Deploy.0 = Release|x86
		{5580CBA3-38C4-46DD-8070-7FE301FCE7C5}.Debug|Any CPU.ActiveCfg = Debug|Any CPU
		{5580CBA3-38C4-46DD-8070-7FE301FCE7C5}.Debug|Any CPU.Build.0 = Debug|Any CPU
		{5580CBA3-38C4-46DD-8070-7FE301FCE7C5}.Debug|Any CPU.Deploy.0 = Debug|Any CPU
		{5580CBA3-38C4-46DD-8070-7FE301FCE7C5}.Debug|arm64.ActiveCfg = Debug|Any CPU
		{5580CBA3-38C4-46DD-8070-7FE301FCE7C5}.Debug|arm64.Build.0 = Debug|Any CPU
		{5580CBA3-38C4-46DD-8070-7FE301FCE7C5}.Debug|x64.ActiveCfg = Debug|Any CPU
		{5580CBA3-38C4-46DD-8070-7FE301FCE7C5}.Debug|x64.Build.0 = Debug|Any CPU
		{5580CBA3-38C4-46DD-8070-7FE301FCE7C5}.Debug|x86.ActiveCfg = Debug|Any CPU
		{5580CBA3-38C4-46DD-8070-7FE301FCE7C5}.Debug|x86.Build.0 = Debug|Any CPU
		{5580CBA3-38C4-46DD-8070-7FE301FCE7C5}.Release|Any CPU.ActiveCfg = Release|Any CPU
		{5580CBA3-38C4-46DD-8070-7FE301FCE7C5}.Release|Any CPU.Build.0 = Release|Any CPU
		{5580CBA3-38C4-46DD-8070-7FE301FCE7C5}.Release|Any CPU.Deploy.0 = Release|Any CPU
		{5580CBA3-38C4-46DD-8070-7FE301FCE7C5}.Release|arm64.ActiveCfg = Release|Any CPU
		{5580CBA3-38C4-46DD-8070-7FE301FCE7C5}.Release|arm64.Build.0 = Release|Any CPU
		{5580CBA3-38C4-46DD-8070-7FE301FCE7C5}.Release|x64.ActiveCfg = Release|Any CPU
		{5580CBA3-38C4-46DD-8070-7FE301FCE7C5}.Release|x86.ActiveCfg = Release|Any CPU
		{5580CBA3-38C4-46DD-8070-7FE301FCE7C5}.Release|x86.Build.0 = Release|Any CPU
		{E4F98047-ACFB-4810-8314-E29951B2631D}.Debug|Any CPU.ActiveCfg = Debug|Any CPU
		{E4F98047-ACFB-4810-8314-E29951B2631D}.Debug|Any CPU.Build.0 = Debug|Any CPU
		{E4F98047-ACFB-4810-8314-E29951B2631D}.Debug|arm64.ActiveCfg = Debug|Any CPU
		{E4F98047-ACFB-4810-8314-E29951B2631D}.Debug|arm64.Build.0 = Debug|Any CPU
		{E4F98047-ACFB-4810-8314-E29951B2631D}.Debug|x64.ActiveCfg = Debug|Any CPU
		{E4F98047-ACFB-4810-8314-E29951B2631D}.Debug|x64.Build.0 = Debug|Any CPU
		{E4F98047-ACFB-4810-8314-E29951B2631D}.Debug|x86.ActiveCfg = Debug|Any CPU
		{E4F98047-ACFB-4810-8314-E29951B2631D}.Debug|x86.Build.0 = Debug|Any CPU
		{E4F98047-ACFB-4810-8314-E29951B2631D}.Release|Any CPU.ActiveCfg = Release|Any CPU
		{E4F98047-ACFB-4810-8314-E29951B2631D}.Release|Any CPU.Build.0 = Release|Any CPU
		{E4F98047-ACFB-4810-8314-E29951B2631D}.Release|arm64.ActiveCfg = Release|Any CPU
		{E4F98047-ACFB-4810-8314-E29951B2631D}.Release|arm64.Build.0 = Release|Any CPU
		{E4F98047-ACFB-4810-8314-E29951B2631D}.Release|x64.ActiveCfg = Release|Any CPU
		{E4F98047-ACFB-4810-8314-E29951B2631D}.Release|x86.ActiveCfg = Release|Any CPU
		{E4F98047-ACFB-4810-8314-E29951B2631D}.Release|x86.Build.0 = Release|Any CPU
	EndGlobalSection
	GlobalSection(SolutionProperties) = preSolution
		HideSolutionNode = FALSE
	EndGlobalSection
	GlobalSection(NestedProjects) = preSolution
		{C3DB2669-CE18-4E47-9BE1-FE77834D7D55} = {2E141F09-E080-4FB6-8F74-EC3711DA4072}
		{292B8D52-AFD9-46DF-B873-0931EE647A46} = {2E141F09-E080-4FB6-8F74-EC3711DA4072}
		{C8ED3A7E-0CAC-4000-B27D-E28778C00638} = {D0CAD8CA-490D-439B-B8F3-69E7A7369927}
		{C5A65A69-AD0B-4992-84EE-FC56C110B142} = {D0CAD8CA-490D-439B-B8F3-69E7A7369927}
		{1BE5F480-FE28-48EC-A7A5-CA86D5854E6C} = {C3DB2669-CE18-4E47-9BE1-FE77834D7D55}
		{5580CBA3-38C4-46DD-8070-7FE301FCE7C5} = {C3DB2669-CE18-4E47-9BE1-FE77834D7D55}
		{E4F98047-ACFB-4810-8314-E29951B2631D} = {C3DB2669-CE18-4E47-9BE1-FE77834D7D55}
	EndGlobalSection
	GlobalSection(ExtensibilityGlobals) = postSolution
		SolutionGuid = {0387E7ED-C2E2-4B45-8E70-8FD14BEDC4EC}
	EndGlobalSection
EndGlobal
