
Microsoft Visual Studio Solution File, Format Version 12.00
# Visual Studio Version 17
VisualStudioVersion = 17.9.34723.18
MinimumVisualStudioVersion = 10.0.40219.1
Project("{2150E333-8FDC-42A3-9474-1A3956D46DE8}") = "Source", "Source", "{70D06AF9-6982-45D7-9CCE-C0D76DEAE41B}"
EndProject
Project("{2150E333-8FDC-42A3-9474-1A3956D46DE8}") = "Platforms", "Platforms", "{6AAB1B88-CCD4-4B48-9187-B0F77CD6F162}"
EndProject
Project("{2150E333-8FDC-42A3-9474-1A3956D46DE8}") = "Tests", "Tests", "{1145550C-BE6D-4F59-8B3A-3A7EC1ECD152}"
EndProject
Project("{9A19103F-16F7-4668-BE54-9A1E7A4F7556}") = "Tasker", "Tasker\Tasker.csproj", "{C66C1775-7746-4899-8ACE-5B1954A6FDEE}"
EndProject
Project("{9A19103F-16F7-4668-BE54-9A1E7A4F7556}") = "Tasker.UITests", "Tasker.UITests\Tasker.UITests.csproj", "{64B5438F-8BE6-4724-9DEB-3E19B55EAFB8}"
EndProject
Project("{9A19103F-16F7-4668-BE54-9A1E7A4F7556}") = "Tasker.Tests", "Tasker.Tests\Tasker.Tests.csproj", "{E0108F05-964C-44CF-9736-F29906D50160}"
EndProject
Project("{9A19103F-16F7-4668-BE54-9A1E7A4F7556}") = "Tasker.Windows", "Tasker.Windows\Tasker.Windows.csproj", "{79ACB77A-4EA3-464C-8997-CCB85A515289}"
EndProject
Project("{9A19103F-16F7-4668-BE54-9A1E7A4F7556}") = "Tasker.Mobile", "Tasker.Mobile\Tasker.Mobile.csproj", "{BDF8D6AF-E0B5-46A1-B5F8-8AB6F41F23A5}"
EndProject
Project("{9A19103F-16F7-4668-BE54-9A1E7A4F7556}") = "Tasker.Shared", "Tasker.Shared\Tasker.Shared.csproj", "{407C0043-DA29-4E84-A1DC-258C18844FB7}"
EndProject
Project("{2150E333-8FDC-42A3-9474-1A3956D46DE8}") = "Solution Items", "Solution Items", "{5E625235-79EE-428F-8398-BDEAAFCB4580}"
	ProjectSection(SolutionItems) = preProject
		.gitignore = .gitignore
		Directory.Build.props = Directory.Build.props
		Directory.Build.targets = Directory.Build.targets
		Directory.Packages.props = Directory.Packages.props
		solution-config.props.sample = solution-config.props.sample
	EndProjectSection
EndProject
Global
	GlobalSection(SolutionConfigurationPlatforms) = preSolution
		Debug|Any CPU = Debug|Any CPU
		Debug|arm64 = Debug|arm64
		Debug|x64 = Debug|x64
		Debug|x86 = Debug|x86
		Release|Any CPU = Release|Any CPU
		Release|arm64 = Release|arm64
		Release|x64 = Release|x64
		Release|x86 = Release|x86
	EndGlobalSection
	GlobalSection(ProjectConfigurationPlatforms) = postSolution
		{C66C1775-7746-4899-8ACE-5B1954A6FDEE}.Debug|Any CPU.ActiveCfg = Debug|Any CPU
		{C66C1775-7746-4899-8ACE-5B1954A6FDEE}.Debug|Any CPU.Build.0 = Debug|Any CPU
		{C66C1775-7746-4899-8ACE-5B1954A6FDEE}.Debug|arm64.ActiveCfg = Debug|Any CPU
		{C66C1775-7746-4899-8ACE-5B1954A6FDEE}.Debug|arm64.Build.0 = Debug|Any CPU
		{C66C1775-7746-4899-8ACE-5B1954A6FDEE}.Debug|x64.ActiveCfg = Debug|Any CPU
		{C66C1775-7746-4899-8ACE-5B1954A6FDEE}.Debug|x64.Build.0 = Debug|Any CPU
		{C66C1775-7746-4899-8ACE-5B1954A6FDEE}.Debug|x86.ActiveCfg = Debug|Any CPU
		{C66C1775-7746-4899-8ACE-5B1954A6FDEE}.Debug|x86.Build.0 = Debug|Any CPU
		{C66C1775-7746-4899-8ACE-5B1954A6FDEE}.Release|Any CPU.ActiveCfg = Release|Any CPU
		{C66C1775-7746-4899-8ACE-5B1954A6FDEE}.Release|Any CPU.Build.0 = Release|Any CPU
		{C66C1775-7746-4899-8ACE-5B1954A6FDEE}.Release|arm64.ActiveCfg = Release|Any CPU
		{C66C1775-7746-4899-8ACE-5B1954A6FDEE}.Release|arm64.Build.0 = Release|Any CPU
		{C66C1775-7746-4899-8ACE-5B1954A6FDEE}.Release|x64.ActiveCfg = Release|Any CPU
		{C66C1775-7746-4899-8ACE-5B1954A6FDEE}.Release|x64.Build.0 = Release|Any CPU
		{C66C1775-7746-4899-8ACE-5B1954A6FDEE}.Release|x86.ActiveCfg = Release|Any CPU
		{C66C1775-7746-4899-8ACE-5B1954A6FDEE}.Release|x86.Build.0 = Release|Any CPU
		{64B5438F-8BE6-4724-9DEB-3E19B55EAFB8}.Debug|Any CPU.ActiveCfg = Debug|Any CPU
		{64B5438F-8BE6-4724-9DEB-3E19B55EAFB8}.Debug|Any CPU.Build.0 = Debug|Any CPU
		{64B5438F-8BE6-4724-9DEB-3E19B55EAFB8}.Debug|arm64.ActiveCfg = Debug|Any CPU
		{64B5438F-8BE6-4724-9DEB-3E19B55EAFB8}.Debug|arm64.Build.0 = Debug|Any CPU
		{64B5438F-8BE6-4724-9DEB-3E19B55EAFB8}.Debug|x64.ActiveCfg = Debug|Any CPU
		{64B5438F-8BE6-4724-9DEB-3E19B55EAFB8}.Debug|x64.Build.0 = Debug|Any CPU
		{64B5438F-8BE6-4724-9DEB-3E19B55EAFB8}.Debug|x86.ActiveCfg = Debug|Any CPU
		{64B5438F-8BE6-4724-9DEB-3E19B55EAFB8}.Debug|x86.Build.0 = Debug|Any CPU
		{64B5438F-8BE6-4724-9DEB-3E19B55EAFB8}.Release|Any CPU.ActiveCfg = Release|Any CPU
		{64B5438F-8BE6-4724-9DEB-3E19B55EAFB8}.Release|Any CPU.Build.0 = Release|Any CPU
		{64B5438F-8BE6-4724-9DEB-3E19B55EAFB8}.Release|arm64.ActiveCfg = Release|Any CPU
		{64B5438F-8BE6-4724-9DEB-3E19B55EAFB8}.Release|arm64.Build.0 = Release|Any CPU
		{64B5438F-8BE6-4724-9DEB-3E19B55EAFB8}.Release|x64.ActiveCfg = Release|Any CPU
		{64B5438F-8BE6-4724-9DEB-3E19B55EAFB8}.Release|x64.Build.0 = Release|Any CPU
		{64B5438F-8BE6-4724-9DEB-3E19B55EAFB8}.Release|x86.ActiveCfg = Release|Any CPU
		{64B5438F-8BE6-4724-9DEB-3E19B55EAFB8}.Release|x86.Build.0 = Release|Any CPU
		{E0108F05-964C-44CF-9736-F29906D50160}.Debug|Any CPU.ActiveCfg = Debug|Any CPU
		{E0108F05-964C-44CF-9736-F29906D50160}.Debug|Any CPU.Build.0 = Debug|Any CPU
		{E0108F05-964C-44CF-9736-F29906D50160}.Debug|arm64.ActiveCfg = Debug|Any CPU
		{E0108F05-964C-44CF-9736-F29906D50160}.Debug|arm64.Build.0 = Debug|Any CPU
		{E0108F05-964C-44CF-9736-F29906D50160}.Debug|x64.ActiveCfg = Debug|Any CPU
		{E0108F05-964C-44CF-9736-F29906D50160}.Debug|x64.Build.0 = Debug|Any CPU
		{E0108F05-964C-44CF-9736-F29906D50160}.Debug|x86.ActiveCfg = Debug|Any CPU
		{E0108F05-964C-44CF-9736-F29906D50160}.Debug|x86.Build.0 = Debug|Any CPU
		{E0108F05-964C-44CF-9736-F29906D50160}.Release|Any CPU.ActiveCfg = Release|Any CPU
		{E0108F05-964C-44CF-9736-F29906D50160}.Release|Any CPU.Build.0 = Release|Any CPU
		{E0108F05-964C-44CF-9736-F29906D50160}.Release|arm64.ActiveCfg = Release|Any CPU
		{E0108F05-964C-44CF-9736-F29906D50160}.Release|arm64.Build.0 = Release|Any CPU
		{E0108F05-964C-44CF-9736-F29906D50160}.Release|x64.ActiveCfg = Release|Any CPU
		{E0108F05-964C-44CF-9736-F29906D50160}.Release|x64.Build.0 = Release|Any CPU
		{E0108F05-964C-44CF-9736-F29906D50160}.Release|x86.ActiveCfg = Release|Any CPU
		{E0108F05-964C-44CF-9736-F29906D50160}.Release|x86.Build.0 = Release|Any CPU
		{79ACB77A-4EA3-464C-8997-CCB85A515289}.Debug|Any CPU.ActiveCfg = Debug|x64
		{79ACB77A-4EA3-464C-8997-CCB85A515289}.Debug|Any CPU.Build.0 = Debug|x64
		{79ACB77A-4EA3-464C-8997-CCB85A515289}.Debug|Any CPU.Deploy.0 = Debug|x64
		{79ACB77A-4EA3-464C-8997-CCB85A515289}.Debug|arm64.ActiveCfg = Debug|arm64
		{79ACB77A-4EA3-464C-8997-CCB85A515289}.Debug|arm64.Build.0 = Debug|arm64
		{79ACB77A-4EA3-464C-8997-CCB85A515289}.Debug|arm64.Deploy.0 = Debug|arm64
		{79ACB77A-4EA3-464C-8997-CCB85A515289}.Debug|x64.ActiveCfg = Debug|x64
		{79ACB77A-4EA3-464C-8997-CCB85A515289}.Debug|x64.Build.0 = Debug|x64
		{79ACB77A-4EA3-464C-8997-CCB85A515289}.Debug|x64.Deploy.0 = Debug|x64
		{79ACB77A-4EA3-464C-8997-CCB85A515289}.Debug|x86.ActiveCfg = Debug|x86
		{79ACB77A-4EA3-464C-8997-CCB85A515289}.Debug|x86.Build.0 = Debug|x86
		{79ACB77A-4EA3-464C-8997-CCB85A515289}.Debug|x86.Deploy.0 = Debug|x86
		{79ACB77A-4EA3-464C-8997-CCB85A515289}.Release|Any CPU.ActiveCfg = Release|x64
		{79ACB77A-4EA3-464C-8997-CCB85A515289}.Release|Any CPU.Build.0 = Release|x64
		{79ACB77A-4EA3-464C-8997-CCB85A515289}.Release|Any CPU.Deploy.0 = Release|x64
		{79ACB77A-4EA3-464C-8997-CCB85A515289}.Release|arm64.ActiveCfg = Release|arm64
		{79ACB77A-4EA3-464C-8997-CCB85A515289}.Release|arm64.Build.0 = Release|arm64
		{79ACB77A-4EA3-464C-8997-CCB85A515289}.Release|arm64.Deploy.0 = Release|arm64
		{79ACB77A-4EA3-464C-8997-CCB85A515289}.Release|x64.ActiveCfg = Release|x64
		{79ACB77A-4EA3-464C-8997-CCB85A515289}.Release|x64.Build.0 = Release|x64
		{79ACB77A-4EA3-464C-8997-CCB85A515289}.Release|x64.Deploy.0 = Release|x64
		{79ACB77A-4EA3-464C-8997-CCB85A515289}.Release|x86.ActiveCfg = Release|x86
		{79ACB77A-4EA3-464C-8997-CCB85A515289}.Release|x86.Build.0 = Release|x86
		{79ACB77A-4EA3-464C-8997-CCB85A515289}.Release|x86.Deploy.0 = Release|x86
		{BDF8D6AF-E0B5-46A1-B5F8-8AB6F41F23A5}.Debug|Any CPU.ActiveCfg = Debug|Any CPU
		{BDF8D6AF-E0B5-46A1-B5F8-8AB6F41F23A5}.Debug|Any CPU.Build.0 = Debug|Any CPU
		{BDF8D6AF-E0B5-46A1-B5F8-8AB6F41F23A5}.Debug|Any CPU.Deploy.0 = Debug|Any CPU
		{BDF8D6AF-E0B5-46A1-B5F8-8AB6F41F23A5}.Debug|arm64.ActiveCfg = Debug|Any CPU
		{BDF8D6AF-E0B5-46A1-B5F8-8AB6F41F23A5}.Debug|arm64.Build.0 = Debug|Any CPU
		{BDF8D6AF-E0B5-46A1-B5F8-8AB6F41F23A5}.Debug|x64.ActiveCfg = Debug|Any CPU
		{BDF8D6AF-E0B5-46A1-B5F8-8AB6F41F23A5}.Debug|x64.Build.0 = Debug|Any CPU
		{BDF8D6AF-E0B5-46A1-B5F8-8AB6F41F23A5}.Debug|x86.ActiveCfg = Debug|Any CPU
		{BDF8D6AF-E0B5-46A1-B5F8-8AB6F41F23A5}.Debug|x86.Build.0 = Debug|Any CPU
		{BDF8D6AF-E0B5-46A1-B5F8-8AB6F41F23A5}.Release|Any CPU.ActiveCfg = Release|Any CPU
		{BDF8D6AF-E0B5-46A1-B5F8-8AB6F41F23A5}.Release|Any CPU.Build.0 = Release|Any CPU
		{BDF8D6AF-E0B5-46A1-B5F8-8AB6F41F23A5}.Release|Any CPU.Deploy.0 = Release|Any CPU
		{BDF8D6AF-E0B5-46A1-B5F8-8AB6F41F23A5}.Release|arm64.ActiveCfg = Release|Any CPU
		{BDF8D6AF-E0B5-46A1-B5F8-8AB6F41F23A5}.Release|arm64.Build.0 = Release|Any CPU
		{BDF8D6AF-E0B5-46A1-B5F8-8AB6F41F23A5}.Release|x64.ActiveCfg = Release|Any CPU
		{BDF8D6AF-E0B5-46A1-B5F8-8AB6F41F23A5}.Release|x64.Build.0 = Release|Any CPU
		{BDF8D6AF-E0B5-46A1-B5F8-8AB6F41F23A5}.Release|x86.ActiveCfg = Release|Any CPU
		{BDF8D6AF-E0B5-46A1-B5F8-8AB6F41F23A5}.Release|x86.Build.0 = Release|Any CPU
		{407C0043-DA29-4E84-A1DC-258C18844FB7}.Debug|Any CPU.ActiveCfg = Debug|Any CPU
		{407C0043-DA29-4E84-A1DC-258C18844FB7}.Debug|Any CPU.Build.0 = Debug|Any CPU
		{407C0043-DA29-4E84-A1DC-258C18844FB7}.Debug|arm64.ActiveCfg = Debug|Any CPU
		{407C0043-DA29-4E84-A1DC-258C18844FB7}.Debug|arm64.Build.0 = Debug|Any CPU
		{407C0043-DA29-4E84-A1DC-258C18844FB7}.Debug|x64.ActiveCfg = Debug|Any CPU
		{407C0043-DA29-4E84-A1DC-258C18844FB7}.Debug|x64.Build.0 = Debug|Any CPU
		{407C0043-DA29-4E84-A1DC-258C18844FB7}.Debug|x86.ActiveCfg = Debug|Any CPU
		{407C0043-DA29-4E84-A1DC-258C18844FB7}.Debug|x86.Build.0 = Debug|Any CPU
		{407C0043-DA29-4E84-A1DC-258C18844FB7}.Release|Any CPU.ActiveCfg = Release|Any CPU
		{407C0043-DA29-4E84-A1DC-258C18844FB7}.Release|Any CPU.Build.0 = Release|Any CPU
		{407C0043-DA29-4E84-A1DC-258C18844FB7}.Release|arm64.ActiveCfg = Release|Any CPU
		{407C0043-DA29-4E84-A1DC-258C18844FB7}.Release|arm64.Build.0 = Release|Any CPU
		{407C0043-DA29-4E84-A1DC-258C18844FB7}.Release|x64.ActiveCfg = Release|Any CPU
		{407C0043-DA29-4E84-A1DC-258C18844FB7}.Release|x64.Build.0 = Release|Any CPU
		{407C0043-DA29-4E84-A1DC-258C18844FB7}.Release|x86.ActiveCfg = Release|Any CPU
		{407C0043-DA29-4E84-A1DC-258C18844FB7}.Release|x86.Build.0 = Release|Any CPU
	EndGlobalSection
	GlobalSection(SolutionProperties) = preSolution
		HideSolutionNode = FALSE
	EndGlobalSection
	GlobalSection(NestedProjects) = preSolution
		{6AAB1B88-CCD4-4B48-9187-B0F77CD6F162} = {70D06AF9-6982-45D7-9CCE-C0D76DEAE41B}
		{C66C1775-7746-4899-8ACE-5B1954A6FDEE} = {70D06AF9-6982-45D7-9CCE-C0D76DEAE41B}
		{64B5438F-8BE6-4724-9DEB-3E19B55EAFB8} = {1145550C-BE6D-4F59-8B3A-3A7EC1ECD152}
		{E0108F05-964C-44CF-9736-F29906D50160} = {1145550C-BE6D-4F59-8B3A-3A7EC1ECD152}
		{79ACB77A-4EA3-464C-8997-CCB85A515289} = {6AAB1B88-CCD4-4B48-9187-B0F77CD6F162}
		{BDF8D6AF-E0B5-46A1-B5F8-8AB6F41F23A5} = {6AAB1B88-CCD4-4B48-9187-B0F77CD6F162}
		{407C0043-DA29-4E84-A1DC-258C18844FB7} = {6AAB1B88-CCD4-4B48-9187-B0F77CD6F162}
	EndGlobalSection
	GlobalSection(ExtensibilityGlobals) = postSolution
		SolutionGuid = {7C579FA4-FA6D-4668-B63D-F98B8E22C517}
	EndGlobalSection
EndGlobal
